# This file is autogenerated, do not edit; changes may be undone by the next 'dep ensure'.


[[projects]]
  name = "github.com/caarlos0/example"
  packages = ["."]
  revision = "6ddf16309d0fc4647c48044700e8a141b5d7985a"
  version = "v0.1.0"

[[projects]]
  name = "github.com/caarlos0/spin"
  packages = ["."]
  revision = "f1f63cceace559408b09577f25210edb9b2215c3"
  version = "v1.0.0"

[[projects]]
  name = "github.com/davecgh/go-spew"
  packages = ["spew"]
  revision = "346938d642f2ec3594ed81d874461961cd0faa76"
  version = "v1.1.0"

[[projects]]
  name = "github.com/pmezard/go-difflib"
  packages = ["difflib"]
  revision = "c0b812dadcf4498dede02bb7f0c5c478be997e34"
  version = "v1.0.0"

[[projects]]
  name = "github.com/stretchr/testify"
  packages = ["assert"]
  revision = "69483b4bd14f5845b5a1e55bca19e954e827f1d0"
  version = "v1.1.4"

[[projects]]
  name = "github.com/urfave/cli"
  packages = ["."]
  revision = "0bdeddeeb0f650497d603c4ad7b20cfe685682f6"
  version = "v1.19.1"

[[projects]]
  branch = "master"
  name = "golang.org/x/crypto"
  packages = ["ed25519","ed25519/internal/edwards25519","ripemd160","sha3"]
  revision = "7d9177d70076375b9a59c8fde23d52d9c4a7ecd5"

[solve-meta]
  analyzer-name = "dep"
  analyzer-version = 1
  inputs-digest = "7e5c71f1eae6e7e125c828bcd77f4701fcacd42d43b0a62cc16d5db6a831dc4b"
  solver-name = "gps-cdcl"
  solver-version = 1
