# This file is autogenerated, do not edit; changes may be undone by the next 'dep ensure'.


[[projects]]
  name = "github.com/caarlos0/example"
  packages = ["."]
  revision = "6ddf16309d0fc4647c48044700e8a141b5d7985a"
  version = "v0.1.0"

[[projects]]
  name = "github.com/caarlos0/spin"
  packages = ["."]
  revision = "ac25467273ecdf236d2d83a25c5329d5863d375f"
  version = "v1.1.0"

[[projects]]
  name = "github.com/davecgh/go-spew"
  packages = ["spew"]
  revision = "346938d642f2ec3594ed81d874461961cd0faa76"
  version = "v1.1.0"

[[projects]]
  name = "github.com/pmezard/go-difflib"
  packages = ["difflib"]
  revision = "792786c7400a136282c1664665ae0a8db921c6c2"
  version = "v1.0.0"

[[projects]]
  name = "github.com/stretchr/testify"
  packages = ["assert"]
  revision = "69483b4bd14f5845b5a1e55bca19e954e827f1d0"
  version = "v1.1.4"

[[projects]]
  name = "github.com/urfave/cli"
  packages = ["."]
  revision = "cfb38830724cc34fedffe9a2a29fb54fa9169cd1"
  version = "v1.20.0"

[[projects]]
  branch = "master"
  name = "golang.org/x/crypto"
  packages = ["ed25519","ed25519/internal/edwards25519","ripemd160","sha3"]
  revision = "7ed87166a3637399832d6c057ddb8221469a8de3"
  source = "https://github.com/r8d8/crypto.git"

[solve-meta]
  analyzer-name = "dep"
  analyzer-version = 1
  inputs-digest = "5011b18642364bb3559a727d02cb86431656cbe1b7f13ca115225ccd4e8406a1"
  solver-name = "gps-cdcl"
  solver-version = 1
